// !$*UTF8*$!
{
	archiveVersion = 1;
	classes = {
	};
	objectVersion = 48;
	objects = {

/* Begin PBXBuildFile section */
		598280A120066B750079C182 /* SwiftGif.swift in Sources */ = {isa = PBXBuildFile; fileRef = 598280A020066B750079C182 /* SwiftGif.swift */; };
		BC01FB041FFD253F0027C1AD /* AppDelegate.swift in Sources */ = {isa = PBXBuildFile; fileRef = BC01FB031FFD253F0027C1AD /* AppDelegate.swift */; };
		BC01FB061FFD253F0027C1AD /* ViewController.swift in Sources */ = {isa = PBXBuildFile; fileRef = BC01FB051FFD253F0027C1AD /* ViewController.swift */; };
		BC01FB091FFD253F0027C1AD /* Main.storyboard in Resources */ = {isa = PBXBuildFile; fileRef = BC01FB071FFD253F0027C1AD /* Main.storyboard */; };
		BC01FB0C1FFD253F0027C1AD /* Vine_2_0.xcdatamodeld in Sources */ = {isa = PBXBuildFile; fileRef = BC01FB0A1FFD253F0027C1AD /* Vine_2_0.xcdatamodeld */; };
		BC01FB0E1FFD253F0027C1AD /* Assets.xcassets in Resources */ = {isa = PBXBuildFile; fileRef = BC01FB0D1FFD253F0027C1AD /* Assets.xcassets */; };
		BC01FB111FFD25400027C1AD /* LaunchScreen.storyboard in Resources */ = {isa = PBXBuildFile; fileRef = BC01FB0F1FFD25400027C1AD /* LaunchScreen.storyboard */; };
		BC17968920051F5100C3E9D4 /* MattCorbyResolution.mp3 in Resources */ = {isa = PBXBuildFile; fileRef = BC17968820051F5100C3E9D4 /* MattCorbyResolution.mp3 */; };
		BC57FE9420090DC60067117A /* I Smell Like Beef.mp3 in Resources */ = {isa = PBXBuildFile; fileRef = BC57FE9320090DC50067117A /* I Smell Like Beef.mp3 */; };
		BC57FE962009105D0067117A /* look at all those chickens.mp3 in Resources */ = {isa = PBXBuildFile; fileRef = BC57FE952009105D0067117A /* look at all those chickens.mp3 */; };
		BC57FE98200910B90067117A /* Almost Dropped His CroissantLDTbest Vines.mp3 in Resources */ = {isa = PBXBuildFile; fileRef = BC57FE97200910B90067117A /* Almost Dropped His CroissantLDTbest Vines.mp3 */; };
		BC57FE9A200910FB0067117A /* More like hurricane tortilla VINE.mp3 in Resources */ = {isa = PBXBuildFile; fileRef = BC57FE99200910FA0067117A /* More like hurricane tortilla VINE.mp3 */; };
		BC57FE9C200911A60067117A /* She wants to take a nap.mp3 in Resources */ = {isa = PBXBuildFile; fileRef = BC57FE9B200911A60067117A /* She wants to take a nap.mp3 */; };
		BC57FE9E200911D50067117A /* Hi Welcome To Chilis Vine.mp3 in Resources */ = {isa = PBXBuildFile; fileRef = BC57FE9D200911D40067117A /* Hi Welcome To Chilis Vine.mp3 */; };
/* End PBXBuildFile section */

/* Begin PBXFileReference section */
		598280A020066B750079C182 /* SwiftGif.swift */ = {isa = PBXFileReference; lastKnownFileType = sourcecode.swift; path = SwiftGif.swift; sourceTree = "<group>"; };
		BC01FB001FFD253F0027C1AD /* Vine 2.0.app */ = {isa = PBXFileReference; explicitFileType = wrapper.application; includeInIndex = 0; path = "Vine 2.0.app"; sourceTree = BUILT_PRODUCTS_DIR; };
		BC01FB031FFD253F0027C1AD /* AppDelegate.swift */ = {isa = PBXFileReference; lastKnownFileType = sourcecode.swift; path = AppDelegate.swift; sourceTree = "<group>"; };
		BC01FB051FFD253F0027C1AD /* ViewController.swift */ = {isa = PBXFileReference; lastKnownFileType = sourcecode.swift; path = ViewController.swift; sourceTree = "<group>"; };
		BC01FB081FFD253F0027C1AD /* Base */ = {isa = PBXFileReference; lastKnownFileType = file.storyboard; name = Base; path = Base.lproj/Main.storyboard; sourceTree = "<group>"; };
		BC01FB0B1FFD253F0027C1AD /* Vine_2_0.xcdatamodel */ = {isa = PBXFileReference; lastKnownFileType = wrapper.xcdatamodel; path = Vine_2_0.xcdatamodel; sourceTree = "<group>"; };
		BC01FB0D1FFD253F0027C1AD /* Assets.xcassets */ = {isa = PBXFileReference; lastKnownFileType = folder.assetcatalog; path = Assets.xcassets; sourceTree = "<group>"; };
		BC01FB101FFD25400027C1AD /* Base */ = {isa = PBXFileReference; lastKnownFileType = file.storyboard; name = Base; path = Base.lproj/LaunchScreen.storyboard; sourceTree = "<group>"; };
		BC01FB121FFD25400027C1AD /* Info.plist */ = {isa = PBXFileReference; lastKnownFileType = text.plist.xml; path = Info.plist; sourceTree = "<group>"; };
		BC17968820051F5100C3E9D4 /* MattCorbyResolution.mp3 */ = {isa = PBXFileReference; lastKnownFileType = audio.mp3; name = MattCorbyResolution.mp3; path = ../../../../Downloads/MattCorbyResolution.mp3; sourceTree = "<group>"; };
		BC57FE9320090DC50067117A /* I Smell Like Beef.mp3 */ = {isa = PBXFileReference; lastKnownFileType = audio.mp3; path = "I Smell Like Beef.mp3"; sourceTree = "<group>"; };
		BC57FE952009105D0067117A /* look at all those chickens.mp3 */ = {isa = PBXFileReference; lastKnownFileType = audio.mp3; path = "look at all those chickens.mp3"; sourceTree = "<group>"; };
		BC57FE97200910B90067117A /* Almost Dropped His CroissantLDTbest Vines.mp3 */ = {isa = PBXFileReference; lastKnownFileType = audio.mp3; path = "Almost Dropped His CroissantLDTbest Vines.mp3"; sourceTree = "<group>"; };
		BC57FE99200910FA0067117A /* More like hurricane tortilla VINE.mp3 */ = {isa = PBXFileReference; lastKnownFileType = audio.mp3; path = "More like hurricane tortilla VINE.mp3"; sourceTree = "<group>"; };
		BC57FE9B200911A60067117A /* She wants to take a nap.mp3 */ = {isa = PBXFileReference; lastKnownFileType = audio.mp3; path = "She wants to take a nap.mp3"; sourceTree = "<group>"; };
		BC57FE9D200911D40067117A /* Hi Welcome To Chilis Vine.mp3 */ = {isa = PBXFileReference; lastKnownFileType = audio.mp3; path = "Hi Welcome To Chilis Vine.mp3"; sourceTree = "<group>"; };
/* End PBXFileReference section */

/* Begin PBXFrameworksBuildPhase section */
		BC01FAFD1FFD253F0027C1AD /* Frameworks */ = {
			isa = PBXFrameworksBuildPhase;
			buildActionMask = 2147483647;
			files = (
			);
			runOnlyForDeploymentPostprocessing = 0;
		};
/* End PBXFrameworksBuildPhase section */

/* Begin PBXGroup section */
		BC01FAF71FFD253F0027C1AD = {
			isa = PBXGroup;
			children = (
				BC01FB021FFD253F0027C1AD /* Vine 2.0 */,
				BC01FB011FFD253F0027C1AD /* Products */,
			);
			sourceTree = "<group>";
		};
		BC01FB011FFD253F0027C1AD /* Products */ = {
			isa = PBXGroup;
			children = (
				BC01FB001FFD253F0027C1AD /* Vine 2.0.app */,
			);
			name = Products;
			sourceTree = "<group>";
		};
		BC01FB021FFD253F0027C1AD /* Vine 2.0 */ = {
			isa = PBXGroup;
			children = (
				BC01FB031FFD253F0027C1AD /* AppDelegate.swift */,
				BC17968820051F5100C3E9D4 /* MattCorbyResolution.mp3 */,
				BC57FE9320090DC50067117A /* I Smell Like Beef.mp3 */,
				BC57FE952009105D0067117A /* look at all those chickens.mp3 */,
				BC57FE97200910B90067117A /* Almost Dropped His CroissantLDTbest Vines.mp3 */,
				BC57FE99200910FA0067117A /* More like hurricane tortilla VINE.mp3 */,
				BC57FE9B200911A60067117A /* She wants to take a nap.mp3 */,
				BC57FE9D200911D40067117A /* Hi Welcome To Chilis Vine.mp3 */,
				BC01FB051FFD253F0027C1AD /* ViewController.swift */,
				598280A020066B750079C182 /* SwiftGif.swift */,
				BC01FB071FFD253F0027C1AD /* Main.storyboard */,
				BC01FB0D1FFD253F0027C1AD /* Assets.xcassets */,
				BC01FB0F1FFD25400027C1AD /* LaunchScreen.storyboard */,
				BC01FB121FFD25400027C1AD /* Info.plist */,
				BC01FB0A1FFD253F0027C1AD /* Vine_2_0.xcdatamodeld */,
			);
			path = "Vine 2.0";
			sourceTree = "<group>";
		};
/* End PBXGroup section */

/* Begin PBXNativeTarget section */
		BC01FAFF1FFD253F0027C1AD /* Vine 2.0 */ = {
			isa = PBXNativeTarget;
			buildConfigurationList = BC01FB151FFD25400027C1AD /* Build configuration list for PBXNativeTarget "Vine 2.0" */;
			buildPhases = (
				BC01FAFC1FFD253F0027C1AD /* Sources */,
				BC01FAFD1FFD253F0027C1AD /* Frameworks */,
				BC01FAFE1FFD253F0027C1AD /* Resources */,
			);
			buildRules = (
			);
			dependencies = (
			);
			name = "Vine 2.0";
			productName = "Vine 2.0";
			productReference = BC01FB001FFD253F0027C1AD /* Vine 2.0.app */;
			productType = "com.apple.product-type.application";
		};
/* End PBXNativeTarget section */

/* Begin PBXProject section */
		BC01FAF81FFD253F0027C1AD /* Project object */ = {
			isa = PBXProject;
			attributes = {
				LastSwiftUpdateCheck = 0900;
				LastUpgradeCheck = 0900;
				ORGANIZATIONNAME = Product1;
				TargetAttributes = {
					BC01FAFF1FFD253F0027C1AD = {
						CreatedOnToolsVersion = 9.0.1;
						ProvisioningStyle = Automatic;
					};
				};
			};
			buildConfigurationList = BC01FAFB1FFD253F0027C1AD /* Build configuration list for PBXProject "Vine 2.0" */;
			compatibilityVersion = "Xcode 8.0";
			developmentRegion = en;
			hasScannedForEncodings = 0;
			knownRegions = (
				en,
				Base,
			);
			mainGroup = BC01FAF71FFD253F0027C1AD;
			productRefGroup = BC01FB011FFD253F0027C1AD /* Products */;
			projectDirPath = "";
			projectRoot = "";
			targets = (
				BC01FAFF1FFD253F0027C1AD /* Vine 2.0 */,
			);
		};
/* End PBXProject section */

/* Begin PBXResourcesBuildPhase section */
		BC01FAFE1FFD253F0027C1AD /* Resources */ = {
			isa = PBXResourcesBuildPhase;
			buildActionMask = 2147483647;
			files = (
				BC01FB111FFD25400027C1AD /* LaunchScreen.storyboard in Resources */,
				BC57FE9A200910FB0067117A /* More like hurricane tortilla VINE.mp3 in Resources */,
				BC01FB0E1FFD253F0027C1AD /* Assets.xcassets in Resources */,
				BC57FE962009105D0067117A /* look at all those chickens.mp3 in Resources */,
				BC57FE9C200911A60067117A /* She wants to take a nap.mp3 in Resources */,
				BC57FE9E200911D50067117A /* Hi Welcome To Chilis Vine.mp3 in Resources */,
				BC01FB091FFD253F0027C1AD /* Main.storyboard in Resources */,
				BC57FE98200910B90067117A /* Almost Dropped His CroissantLDTbest Vines.mp3 in Resources */,
				BC57FE9420090DC60067117A /* I Smell Like Beef.mp3 in Resources */,
				BC17968920051F5100C3E9D4 /* MattCorbyResolution.mp3 in Resources */,
			);
			runOnlyForDeploymentPostprocessing = 0;
		};
/* End PBXResourcesBuildPhase section */

/* Begin PBXSourcesBuildPhase section */
		BC01FAFC1FFD253F0027C1AD /* Sources */ = {
			isa = PBXSourcesBuildPhase;
			buildActionMask = 2147483647;
			files = (
				598280A120066B750079C182 /* SwiftGif.swift in Sources */,
				BC01FB061FFD253F0027C1AD /* ViewController.swift in Sources */,
				BC01FB041FFD253F0027C1AD /* AppDelegate.swift in Sources */,
				BC01FB0C1FFD253F0027C1AD /* Vine_2_0.xcdatamodeld in Sources */,
			);
			runOnlyForDeploymentPostprocessing = 0;
		};
/* End PBXSourcesBuildPhase section */

/* Begin PBXVariantGroup section */
		BC01FB071FFD253F0027C1AD /* Main.storyboard */ = {
			isa = PBXVariantGroup;
			children = (
				BC01FB081FFD253F0027C1AD /* Base */,
			);
			name = Main.storyboard;
			sourceTree = "<group>";
		};
		BC01FB0F1FFD25400027C1AD /* LaunchScreen.storyboard */ = {
			isa = PBXVariantGroup;
			children = (
				BC01FB101FFD25400027C1AD /* Base */,
			);
			name = LaunchScreen.storyboard;
			sourceTree = "<group>";
		};
/* End PBXVariantGroup section */

/* Begin XCBuildConfiguration section */
		BC01FB131FFD25400027C1AD /* Debug */ = {
			isa = XCBuildConfiguration;
			buildSettings = {
				ALWAYS_SEARCH_USER_PATHS = NO;
				CLANG_ANALYZER_NONNULL = YES;
				CLANG_ANALYZER_NUMBER_OBJECT_CONVERSION = YES_AGGRESSIVE;
				CLANG_CXX_LANGUAGE_STANDARD = "gnu++14";
				CLANG_CXX_LIBRARY = "libc++";
				CLANG_ENABLE_MODULES = YES;
				CLANG_ENABLE_OBJC_ARC = YES;
				CLANG_WARN_BLOCK_CAPTURE_AUTORELEASING = YES;
				CLANG_WARN_BOOL_CONVERSION = YES;
				CLANG_WARN_COMMA = YES;
				CLANG_WARN_CONSTANT_CONVERSION = YES;
				CLANG_WARN_DIRECT_OBJC_ISA_USAGE = YES_ERROR;
				CLANG_WARN_DOCUMENTATION_COMMENTS = YES;
				CLANG_WARN_EMPTY_BODY = YES;
				CLANG_WARN_ENUM_CONVERSION = YES;
				CLANG_WARN_INFINITE_RECURSION = YES;
				CLANG_WARN_INT_CONVERSION = YES;
				CLANG_WARN_NON_LITERAL_NULL_CONVERSION = YES;
				CLANG_WARN_OBJC_LITERAL_CONVERSION = YES;
				CLANG_WARN_OBJC_ROOT_CLASS = YES_ERROR;
				CLANG_WARN_RANGE_LOOP_ANALYSIS = YES;
				CLANG_WARN_STRICT_PROTOTYPES = YES;
				CLANG_WARN_SUSPICIOUS_MOVE = YES;
				CLANG_WARN_UNGUARDED_AVAILABILITY = YES_AGGRESSIVE;
				CLANG_WARN_UNREACHABLE_CODE = YES;
				CLANG_WARN__DUPLICATE_METHOD_MATCH = YES;
				CODE_SIGN_IDENTITY = "iPhone Developer";
				COPY_PHASE_STRIP = NO;
				DEBUG_INFORMATION_FORMAT = dwarf;
				ENABLE_STRICT_OBJC_MSGSEND = YES;
				ENABLE_TESTABILITY = YES;
				GCC_C_LANGUAGE_STANDARD = gnu11;
				GCC_DYNAMIC_NO_PIC = NO;
				GCC_NO_COMMON_BLOCKS = YES;
				GCC_OPTIMIZATION_LEVEL = 0;
				GCC_PREPROCESSOR_DEFINITIONS = (
					"DEBUG=1",
					"$(inherited)",
				);
				GCC_WARN_64_TO_32_BIT_CONVERSION = YES;
				GCC_WARN_ABOUT_RETURN_TYPE = YES_ERROR;
				GCC_WARN_UNDECLARED_SELECTOR = YES;
				GCC_WARN_UNINITIALIZED_AUTOS = YES_AGGRESSIVE;
				GCC_WARN_UNUSED_FUNCTION = YES;
				GCC_WARN_UNUSED_VARIABLE = YES;
				IPHONEOS_DEPLOYMENT_TARGET = 11.0;
				MTL_ENABLE_DEBUG_INFO = YES;
				ONLY_ACTIVE_ARCH = YES;
				SDKROOT = iphoneos;
				SWIFT_ACTIVE_COMPILATION_CONDITIONS = DEBUG;
				SWIFT_OPTIMIZATION_LEVEL = "-Onone";
			};
			name = Debug;
		};
		BC01FB141FFD25400027C1AD /* Release */ = {
			isa = XCBuildConfiguration;
			buildSettings = {
				ALWAYS_SEARCH_USER_PATHS = NO;
				CLANG_ANALYZER_NONNULL = YES;
				CLANG_ANALYZER_NUMBER_OBJECT_CONVERSION = YES_AGGRESSIVE;
				CLANG_CXX_LANGUAGE_STANDARD = "gnu++14";
				CLANG_CXX_LIBRARY = "libc++";
				CLANG_ENABLE_MODULES = YES;
				CLANG_ENABLE_OBJC_ARC = YES;
				CLANG_WARN_BLOCK_CAPTURE_AUTORELEASING = YES;
				CLANG_WARN_BOOL_CONVERSION = YES;
				CLANG_WARN_COMMA = YES;
				CLANG_WARN_CONSTANT_CONVERSION = YES;
				CLANG_WARN_DIRECT_OBJC_ISA_USAGE = YES_ERROR;
				CLANG_WARN_DOCUMENTATION_COMMENTS = YES;
				CLANG_WARN_EMPTY_BODY = YES;
				CLANG_WARN_ENUM_CONVERSION = YES;
				CLANG_WARN_INFINITE_RECURSION = YES;
				CLANG_WARN_INT_CONVERSION = YES;
				CLANG_WARN_NON_LITERAL_NULL_CONVERSION = YES;
				CLANG_WARN_OBJC_LITERAL_CONVERSION = YES;
				CLANG_WARN_OBJC_ROOT_CLASS = YES_ERROR;
				CLANG_WARN_RANGE_LOOP_ANALYSIS = YES;
				CLANG_WARN_STRICT_PROTOTYPES = YES;
				CLANG_WARN_SUSPICIOUS_MOVE = YES;
				CLANG_WARN_UNGUARDED_AVAILABILITY = YES_AGGRESSIVE;
				CLANG_WARN_UNREACHABLE_CODE = YES;
				CLANG_WARN__DUPLICATE_METHOD_MATCH = YES;
				CODE_SIGN_IDENTITY = "iPhone Developer";
				COPY_PHASE_STRIP = NO;
				DEBUG_INFORMATION_FORMAT = "dwarf-with-dsym";
				ENABLE_NS_ASSERTIONS = NO;
				ENABLE_STRICT_OBJC_MSGSEND = YES;
				GCC_C_LANGUAGE_STANDARD = gnu11;
				GCC_NO_COMMON_BLOCKS = YES;
				GCC_WARN_64_TO_32_BIT_CONVERSION = YES;
				GCC_WARN_ABOUT_RETURN_TYPE = YES_ERROR;
				GCC_WARN_UNDECLARED_SELECTOR = YES;
				GCC_WARN_UNINITIALIZED_AUTOS = YES_AGGRESSIVE;
				GCC_WARN_UNUSED_FUNCTION = YES;
				GCC_WARN_UNUSED_VARIABLE = YES;
				IPHONEOS_DEPLOYMENT_TARGET = 11.0;
				MTL_ENABLE_DEBUG_INFO = NO;
				SDKROOT = iphoneos;
				SWIFT_OPTIMIZATION_LEVEL = "-Owholemodule";
				VALIDATE_PRODUCT = YES;
			};
			name = Release;
		};
		BC01FB161FFD25400027C1AD /* Debug */ = {
			isa = XCBuildConfiguration;
			buildSettings = {
				ASSETCATALOG_COMPILER_APPICON_NAME = AppIcon;
				CODE_SIGN_STYLE = Automatic;
				INFOPLIST_FILE = "Vine 2.0/Info.plist";
				LD_RUNPATH_SEARCH_PATHS = "$(inherited) @executable_path/Frameworks";
				PRODUCT_BUNDLE_IDENTIFIER = "com.Product1.Vine-2-0";
				PRODUCT_NAME = "$(TARGET_NAME)";
				SWIFT_VERSION = 4.0;
				TARGETED_DEVICE_FAMILY = "1,2";
			};
			name = Debug;
		};
		BC01FB171FFD25400027C1AD /* Release */ = {
			isa = XCBuildConfiguration;
			buildSettings = {
				ASSETCATALOG_COMPILER_APPICON_NAME = AppIcon;
				CODE_SIGN_STYLE = Automatic;
				INFOPLIST_FILE = "Vine 2.0/Info.plist";
				LD_RUNPATH_SEARCH_PATHS = "$(inherited) @executable_path/Frameworks";
				PRODUCT_BUNDLE_IDENTIFIER = "com.Product1.Vine-2-0";
				PRODUCT_NAME = "$(TARGET_NAME)";
				SWIFT_VERSION = 4.0;
				TARGETED_DEVICE_FAMILY = "1,2";
			};
			name = Release;
		};
/* End XCBuildConfiguration section */

/* Begin XCConfigurationList section */
		BC01FAFB1FFD253F0027C1AD /* Build configuration list for PBXProject "Vine 2.0" */ = {
			isa = XCConfigurationList;
			buildConfigurations = (
				BC01FB131FFD25400027C1AD /* Debug */,
				BC01FB141FFD25400027C1AD /* Release */,
			);
			defaultConfigurationIsVisible = 0;
			defaultConfigurationName = Release;
		};
		BC01FB151FFD25400027C1AD /* Build configuration list for PBXNativeTarget "Vine 2.0" */ = {
			isa = XCConfigurationList;
			buildConfigurations = (
				BC01FB161FFD25400027C1AD /* Debug */,
				BC01FB171FFD25400027C1AD /* Release */,
			);
			defaultConfigurationIsVisible = 0;
			defaultConfigurationName = Release;
		};
/* End XCConfigurationList section */

/* Begin XCVersionGroup section */
		BC01FB0A1FFD253F0027C1AD /* Vine_2_0.xcdatamodeld */ = {
			isa = XCVersionGroup;
			children = (
				BC01FB0B1FFD253F0027C1AD /* Vine_2_0.xcdatamodel */,
			);
			currentVersion = BC01FB0B1FFD253F0027C1AD /* Vine_2_0.xcdatamodel */;
			path = Vine_2_0.xcdatamodeld;
			sourceTree = "<group>";
			versionGroupType = wrapper.xcdatamodel;
		};
/* End XCVersionGroup section */
	};
	rootObject = BC01FAF81FFD253F0027C1AD /* Project object */;
}
